
Microsoft Visual Studio Solution File, Format Version 12.00
# Visual Studio Version 17
VisualStudioVersion = 17.0.31912.275
MinimumVisualStudioVersion = 10.0.40219.1
Project("{FAE04EC0-301F-11D3-BF4B-00C04F79EFBC}") = "Boletus", "Boletus\Boletus.csproj", "{FA2B31A9-CA0B-434F-B594-F32E3F469545}"
EndProject
Global
	GlobalSection(SolutionConfigurationPlatforms) = preSolution
		Debug|Any CPU = Debug|Any CPU
		Release|Any CPU = Release|Any CPU
	EndGlobalSection
	GlobalSection(ProjectConfigurationPlatforms) = postSolution
		{FA2B31A9-CA0B-434F-B594-F32E3F469545}.Debug|Any CPU.ActiveCfg = Debug|Any CPU
		{FA2B31A9-CA0B-434F-B594-F32E3F469545}.Debug|Any CPU.Build.0 = Debug|Any CPU
		{FA2B31A9-CA0B-434F-B594-F32E3F469545}.Release|Any CPU.ActiveCfg = Release|Any CPU
		{FA2B31A9-CA0B-434F-B594-F32E3F469545}.Release|Any CPU.Build.0 = Release|Any CPU
	EndGlobalSection
	GlobalSection(SolutionProperties) = preSolution
		HideSolutionNode = FALSE
	EndGlobalSection
	GlobalSection(ExtensibilityGlobals) = postSolution
		SolutionGuid = {A35FF75F-AAC7-4AFE-A8AC-AF3E6C0E5BEA}
	EndGlobalSection
EndGlobal
